// !$*UTF8*$!
{
	archiveVersion = 1;
	classes = {
	};
	objectVersion = 46;
	objects = {

/* Begin PBXBuildFile section */
		A321EEC356E3BC52E43C74E5 /* Pods_NetworkService.framework in Frameworks */ = {isa = PBXBuildFile; fileRef = CA052B022F3BBA243BC9DB77 /* Pods_NetworkService.framework */; };
		A4555B641C4F745700E92EF4 /* Info.plist in Resources */ = {isa = PBXBuildFile; fileRef = A4555B631C4F745700E92EF4 /* Info.plist */; };
		A4555B871C4F756900E92EF4 /* BaseNetworkService.swift in Sources */ = {isa = PBXBuildFile; fileRef = A4555B791C4F756900E92EF4 /* BaseNetworkService.swift */; };
		A4555B881C4F756900E92EF4 /* toDecodedTypes.swift in Sources */ = {isa = PBXBuildFile; fileRef = A4555B7B1C4F756900E92EF4 /* toDecodedTypes.swift */; };
		A4555B891C4F756900E92EF4 /* Assets.xcassets in Resources */ = {isa = PBXBuildFile; fileRef = A4555B7D1C4F756900E92EF4 /* Assets.xcassets */; };
		A4555B8A1C4F756900E92EF4 /* Main.storyboard in Resources */ = {isa = PBXBuildFile; fileRef = A4555B7F1C4F756900E92EF4 /* Main.storyboard */; };
		A4555B8B1C4F756900E92EF4 /* TestNetworkViewController.swift in Sources */ = {isa = PBXBuildFile; fileRef = A4555B801C4F756900E92EF4 /* TestNetworkViewController.swift */; };
		A4555B8C1C4F756900E92EF4 /* TestNetworkViewModel.swift in Sources */ = {isa = PBXBuildFile; fileRef = A4555B821C4F756900E92EF4 /* TestNetworkViewModel.swift */; };
		A4555B8D1C4F756900E92EF4 /* ModelBasic.swift in Sources */ = {isa = PBXBuildFile; fileRef = A4555B841C4F756900E92EF4 /* ModelBasic.swift */; };
		A4555B911C4F761100E92EF4 /* LaunchScreen.xib in Resources */ = {isa = PBXBuildFile; fileRef = A4555B901C4F761100E92EF4 /* LaunchScreen.xib */; };
		A4C4A2E41C3A228B00F14448 /* AppDelegate.swift in Sources */ = {isa = PBXBuildFile; fileRef = A4C4A2E31C3A228B00F14448 /* AppDelegate.swift */; };
/* End PBXBuildFile section */

/* Begin PBXFileReference section */
		221AF5BC2C005BA778CFB3AB /* Pods-NetworkService.debug.xcconfig */ = {isa = PBXFileReference; includeInIndex = 1; lastKnownFileType = text.xcconfig; name = "Pods-NetworkService.debug.xcconfig"; path = "Pods/Target Support Files/Pods-NetworkService/Pods-NetworkService.debug.xcconfig"; sourceTree = "<group>"; };
		795E0234A2458248C2E20CC3 /* Pods-NetworkService.release.xcconfig */ = {isa = PBXFileReference; includeInIndex = 1; lastKnownFileType = text.xcconfig; name = "Pods-NetworkService.release.xcconfig"; path = "Pods/Target Support Files/Pods-NetworkService/Pods-NetworkService.release.xcconfig"; sourceTree = "<group>"; };
		A42B16181C4E066D0023024C /* Alamofire.framework */ = {isa = PBXFileReference; lastKnownFileType = wrapper.framework; name = Alamofire.framework; path = "Pods/../build/Debug-iphoneos/Alamofire.framework"; sourceTree = "<group>"; };
		A42B16191C4E066D0023024C /* RxCocoa.framework */ = {isa = PBXFileReference; lastKnownFileType = wrapper.framework; name = RxCocoa.framework; path = "Pods/../build/Debug-iphoneos/RxCocoa.framework"; sourceTree = "<group>"; };
		A42B161A1C4E066D0023024C /* RxSwift.framework */ = {isa = PBXFileReference; lastKnownFileType = wrapper.framework; name = RxSwift.framework; path = "Pods/../build/Debug-iphoneos/RxSwift.framework"; sourceTree = "<group>"; };
		A4555B631C4F745700E92EF4 /* Info.plist */ = {isa = PBXFileReference; fileEncoding = 4; lastKnownFileType = text.plist.xml; path = Info.plist; sourceTree = "<group>"; };
		A4555B791C4F756900E92EF4 /* BaseNetworkService.swift */ = {isa = PBXFileReference; fileEncoding = 4; lastKnownFileType = sourcecode.swift; path = BaseNetworkService.swift; sourceTree = "<group>"; };
		A4555B7B1C4F756900E92EF4 /* toDecodedTypes.swift */ = {isa = PBXFileReference; fileEncoding = 4; lastKnownFileType = sourcecode.swift; path = toDecodedTypes.swift; sourceTree = "<group>"; };
		A4555B7D1C4F756900E92EF4 /* Assets.xcassets */ = {isa = PBXFileReference; lastKnownFileType = folder.assetcatalog; path = Assets.xcassets; sourceTree = "<group>"; };
		A4555B7F1C4F756900E92EF4 /* Main.storyboard */ = {isa = PBXFileReference; fileEncoding = 4; lastKnownFileType = file.storyboard; path = Main.storyboard; sourceTree = "<group>"; };
		A4555B801C4F756900E92EF4 /* TestNetworkViewController.swift */ = {isa = PBXFileReference; fileEncoding = 4; lastKnownFileType = sourcecode.swift; path = TestNetworkViewController.swift; sourceTree = "<group>"; };
		A4555B821C4F756900E92EF4 /* TestNetworkViewModel.swift */ = {isa = PBXFileReference; fileEncoding = 4; lastKnownFileType = sourcecode.swift; path = TestNetworkViewModel.swift; sourceTree = "<group>"; };
		A4555B841C4F756900E92EF4 /* ModelBasic.swift */ = {isa = PBXFileReference; fileEncoding = 4; lastKnownFileType = sourcecode.swift; path = ModelBasic.swift; sourceTree = "<group>"; };
		A4555B901C4F761100E92EF4 /* LaunchScreen.xib */ = {isa = PBXFileReference; fileEncoding = 4; lastKnownFileType = file.xib; path = LaunchScreen.xib; sourceTree = "<group>"; };
		A4C4A2E01C3A228B00F14448 /* NetworkService.app */ = {isa = PBXFileReference; explicitFileType = wrapper.application; includeInIndex = 0; path = NetworkService.app; sourceTree = BUILT_PRODUCTS_DIR; };
		A4C4A2E31C3A228B00F14448 /* AppDelegate.swift */ = {isa = PBXFileReference; lastKnownFileType = sourcecode.swift; path = AppDelegate.swift; sourceTree = "<group>"; };
		CA052B022F3BBA243BC9DB77 /* Pods_NetworkService.framework */ = {isa = PBXFileReference; explicitFileType = wrapper.framework; includeInIndex = 0; path = Pods_NetworkService.framework; sourceTree = BUILT_PRODUCTS_DIR; };
/* End PBXFileReference section */

/* Begin PBXFrameworksBuildPhase section */
		A4C4A2DD1C3A228B00F14448 /* Frameworks */ = {
			isa = PBXFrameworksBuildPhase;
			buildActionMask = 2147483647;
			files = (
				A321EEC356E3BC52E43C74E5 /* Pods_NetworkService.framework in Frameworks */,
			);
			runOnlyForDeploymentPostprocessing = 0;
		};
/* End PBXFrameworksBuildPhase section */

/* Begin PBXGroup section */
		3C977726D32D50D8CB8DCE84 /* Frameworks */ = {
			isa = PBXGroup;
			children = (
				A42B16181C4E066D0023024C /* Alamofire.framework */,
				A42B16191C4E066D0023024C /* RxCocoa.framework */,
				A42B161A1C4E066D0023024C /* RxSwift.framework */,
				CA052B022F3BBA243BC9DB77 /* Pods_NetworkService.framework */,
			);
			name = Frameworks;
			sourceTree = "<group>";
		};
		A4555B781C4F756900E92EF4 /* BaseService */ = {
			isa = PBXGroup;
			children = (
				A4555B791C4F756900E92EF4 /* BaseNetworkService.swift */,
			);
			path = BaseService;
			sourceTree = "<group>";
		};
		A4555B7A1C4F756900E92EF4 /* Extension */ = {
			isa = PBXGroup;
			children = (
				A4555B7B1C4F756900E92EF4 /* toDecodedTypes.swift */,
			);
			path = Extension;
			sourceTree = "<group>";
		};
		A4555B7C1C4F756900E92EF4 /* Resource */ = {
			isa = PBXGroup;
			children = (
				A4555B7D1C4F756900E92EF4 /* Assets.xcassets */,
			);
			path = Resource;
			sourceTree = "<group>";
		};
		A4555B7E1C4F756900E92EF4 /* ViewController */ = {
			isa = PBXGroup;
			children = (
				A4555B7F1C4F756900E92EF4 /* Main.storyboard */,
				A4555B801C4F756900E92EF4 /* TestNetworkViewController.swift */,
			);
			path = ViewController;
			sourceTree = "<group>";
		};
		A4555B811C4F756900E92EF4 /* ViewModel */ = {
			isa = PBXGroup;
			children = (
				A4555B821C4F756900E92EF4 /* TestNetworkViewModel.swift */,
			);
			path = ViewModel;
			sourceTree = "<group>";
		};
		A4555B831C4F756900E92EF4 /* Model */ = {
			isa = PBXGroup;
			children = (
				A4555B841C4F756900E92EF4 /* ModelBasic.swift */,
			);
			path = Model;
			sourceTree = "<group>";
		};
		A4C4A2D71C3A228B00F14448 = {
			isa = PBXGroup;
			children = (
				A4C4A2E21C3A228B00F14448 /* NetworkService */,
				A4C4A2E11C3A228B00F14448 /* Products */,
				3C977726D32D50D8CB8DCE84 /* Frameworks */,
				A76A57ED2A75B2DA25924BD1 /* Pods */,
			);
			sourceTree = "<group>";
		};
		A4C4A2E11C3A228B00F14448 /* Products */ = {
			isa = PBXGroup;
			children = (
				A4C4A2E01C3A228B00F14448 /* NetworkService.app */,
			);
			name = Products;
			sourceTree = "<group>";
		};
		A4C4A2E21C3A228B00F14448 /* NetworkService */ = {
			isa = PBXGroup;
			children = (
				A4555B901C4F761100E92EF4 /* LaunchScreen.xib */,
				A4C4A2E31C3A228B00F14448 /* AppDelegate.swift */,
				A4555B631C4F745700E92EF4 /* Info.plist */,
				A4555B781C4F756900E92EF4 /* BaseService */,
				A4555B7A1C4F756900E92EF4 /* Extension */,
				A4555B831C4F756900E92EF4 /* Model */,
				A4555B7C1C4F756900E92EF4 /* Resource */,
				A4555B7E1C4F756900E92EF4 /* ViewController */,
				A4555B811C4F756900E92EF4 /* ViewModel */,
			);
			path = NetworkService;
			sourceTree = "<group>";
		};
		A76A57ED2A75B2DA25924BD1 /* Pods */ = {
			isa = PBXGroup;
			children = (
				221AF5BC2C005BA778CFB3AB /* Pods-NetworkService.debug.xcconfig */,
				795E0234A2458248C2E20CC3 /* Pods-NetworkService.release.xcconfig */,
			);
			name = Pods;
			sourceTree = "<group>";
		};
/* End PBXGroup section */

/* Begin PBXNativeTarget section */
		A4C4A2DF1C3A228B00F14448 /* NetworkService */ = {
			isa = PBXNativeTarget;
			buildConfigurationList = A4C4A2F21C3A228B00F14448 /* Build configuration list for PBXNativeTarget "NetworkService" */;
			buildPhases = (
				F138A96135380F63FD77BF4F /* Check Pods Manifest.lock */,
				A4C4A2DC1C3A228B00F14448 /* Sources */,
				A4C4A2DD1C3A228B00F14448 /* Frameworks */,
				A4C4A2DE1C3A228B00F14448 /* Resources */,
				D9879FC8ECADE0B9F7D85C36 /* Embed Pods Frameworks */,
				360F91B0E2E5DABF00C67C3A /* Copy Pods Resources */,
			);
			buildRules = (
			);
			dependencies = (
			);
			name = NetworkService;
			productName = NetworkService;
			productReference = A4C4A2E01C3A228B00F14448 /* NetworkService.app */;
			productType = "com.apple.product-type.application";
		};
/* End PBXNativeTarget section */

/* Begin PBXProject section */
		A4C4A2D81C3A228B00F14448 /* Project object */ = {
			isa = PBXProject;
			attributes = {
				LastSwiftUpdateCheck = 0720;
				LastUpgradeCheck = 0720;
				ORGANIZATIONNAME = Broccoli;
				TargetAttributes = {
					A4C4A2DF1C3A228B00F14448 = {
						CreatedOnToolsVersion = 7.2;
					};
				};
			};
			buildConfigurationList = A4C4A2DB1C3A228B00F14448 /* Build configuration list for PBXProject "NetworkService" */;
			compatibilityVersion = "Xcode 3.2";
			developmentRegion = English;
			hasScannedForEncodings = 0;
			knownRegions = (
				en,
				Base,
			);
			mainGroup = A4C4A2D71C3A228B00F14448;
			productRefGroup = A4C4A2E11C3A228B00F14448 /* Products */;
			projectDirPath = "";
			projectRoot = "";
			targets = (
				A4C4A2DF1C3A228B00F14448 /* NetworkService */,
			);
		};
/* End PBXProject section */

/* Begin PBXResourcesBuildPhase section */
		A4C4A2DE1C3A228B00F14448 /* Resources */ = {
			isa = PBXResourcesBuildPhase;
			buildActionMask = 2147483647;
			files = (
				A4555B911C4F761100E92EF4 /* LaunchScreen.xib in Resources */,
				A4555B641C4F745700E92EF4 /* Info.plist in Resources */,
				A4555B891C4F756900E92EF4 /* Assets.xcassets in Resources */,
				A4555B8A1C4F756900E92EF4 /* Main.storyboard in Resources */,
			);
			runOnlyForDeploymentPostprocessing = 0;
		};
/* End PBXResourcesBuildPhase section */

/* Begin PBXShellScriptBuildPhase section */
		360F91B0E2E5DABF00C67C3A /* Copy Pods Resources */ = {
			isa = PBXShellScriptBuildPhase;
			buildActionMask = 2147483647;
			files = (
			);
			inputPaths = (
			);
			name = "Copy Pods Resources";
			outputPaths = (
			);
			runOnlyForDeploymentPostprocessing = 0;
			shellPath = /bin/sh;
			shellScript = "\"${SRCROOT}/Pods/Target Support Files/Pods-NetworkService/Pods-NetworkService-resources.sh\"\n";
			showEnvVarsInLog = 0;
		};
		D9879FC8ECADE0B9F7D85C36 /* Embed Pods Frameworks */ = {
			isa = PBXShellScriptBuildPhase;
			buildActionMask = 2147483647;
			files = (
			);
			inputPaths = (
			);
			name = "Embed Pods Frameworks";
			outputPaths = (
			);
			runOnlyForDeploymentPostprocessing = 0;
			shellPath = /bin/sh;
			shellScript = "\"${SRCROOT}/Pods/Target Support Files/Pods-NetworkService/Pods-NetworkService-frameworks.sh\"\n";
			showEnvVarsInLog = 0;
		};
		F138A96135380F63FD77BF4F /* Check Pods Manifest.lock */ = {
			isa = PBXShellScriptBuildPhase;
			buildActionMask = 2147483647;
			files = (
			);
			inputPaths = (
			);
			name = "Check Pods Manifest.lock";
			outputPaths = (
			);
			runOnlyForDeploymentPostprocessing = 0;
			shellPath = /bin/sh;
			shellScript = "diff \"${PODS_ROOT}/../Podfile.lock\" \"${PODS_ROOT}/Manifest.lock\" > /dev/null\nif [[ $? != 0 ]] ; then\n    cat << EOM\nerror: The sandbox is not in sync with the Podfile.lock. Run 'pod install' or update your CocoaPods installation.\nEOM\n    exit 1\nfi\n";
			showEnvVarsInLog = 0;
		};
/* End PBXShellScriptBuildPhase section */

/* Begin PBXSourcesBuildPhase section */
		A4C4A2DC1C3A228B00F14448 /* Sources */ = {
			isa = PBXSourcesBuildPhase;
			buildActionMask = 2147483647;
			files = (
				A4555B8D1C4F756900E92EF4 /* ModelBasic.swift in Sources */,
				A4C4A2E41C3A228B00F14448 /* AppDelegate.swift in Sources */,
				A4555B881C4F756900E92EF4 /* toDecodedTypes.swift in Sources */,
				A4555B8C1C4F756900E92EF4 /* TestNetworkViewModel.swift in Sources */,
				A4555B871C4F756900E92EF4 /* BaseNetworkService.swift in Sources */,
				A4555B8B1C4F756900E92EF4 /* TestNetworkViewController.swift in Sources */,
			);
			runOnlyForDeploymentPostprocessing = 0;
		};
/* End PBXSourcesBuildPhase section */

/* Begin XCBuildConfiguration section */
		A4C4A2F01C3A228B00F14448 /* Debug */ = {
			isa = XCBuildConfiguration;
			buildSettings = {
				ALWAYS_SEARCH_USER_PATHS = NO;
				CLANG_CXX_LANGUAGE_STANDARD = "gnu++0x";
				CLANG_CXX_LIBRARY = "libc++";
				CLANG_ENABLE_MODULES = YES;
				CLANG_ENABLE_OBJC_ARC = YES;
				CLANG_WARN_BOOL_CONVERSION = YES;
				CLANG_WARN_CONSTANT_CONVERSION = YES;
				CLANG_WARN_DIRECT_OBJC_ISA_USAGE = YES_ERROR;
				CLANG_WARN_EMPTY_BODY = YES;
				CLANG_WARN_ENUM_CONVERSION = YES;
				CLANG_WARN_INT_CONVERSION = YES;
				CLANG_WARN_OBJC_ROOT_CLASS = YES_ERROR;
				CLANG_WARN_UNREACHABLE_CODE = YES;
				CLANG_WARN__DUPLICATE_METHOD_MATCH = YES;
				"CODE_SIGN_IDENTITY[sdk=iphoneos*]" = "iPhone Developer";
				COPY_PHASE_STRIP = NO;
				DEBUG_INFORMATION_FORMAT = dwarf;
				ENABLE_STRICT_OBJC_MSGSEND = YES;
				ENABLE_TESTABILITY = YES;
				GCC_C_LANGUAGE_STANDARD = gnu99;
				GCC_DYNAMIC_NO_PIC = NO;
				GCC_NO_COMMON_BLOCKS = YES;
				GCC_OPTIMIZATION_LEVEL = 0;
				GCC_PREPROCESSOR_DEFINITIONS = (
					"DEBUG=1",
					"$(inherited)",
				);
				GCC_WARN_64_TO_32_BIT_CONVERSION = YES;
				GCC_WARN_ABOUT_RETURN_TYPE = YES_ERROR;
				GCC_WARN_UNDECLARED_SELECTOR = YES;
				GCC_WARN_UNINITIALIZED_AUTOS = YES_AGGRESSIVE;
				GCC_WARN_UNUSED_FUNCTION = YES;
				GCC_WARN_UNUSED_VARIABLE = YES;
				IPHONEOS_DEPLOYMENT_TARGET = 9.2;
				MTL_ENABLE_DEBUG_INFO = YES;
				ONLY_ACTIVE_ARCH = YES;
				SDKROOT = iphoneos;
				SWIFT_OPTIMIZATION_LEVEL = "-Onone";
			};
			name = Debug;
		};
		A4C4A2F11C3A228B00F14448 /* Release */ = {
			isa = XCBuildConfiguration;
			buildSettings = {
				ALWAYS_SEARCH_USER_PATHS = NO;
				CLANG_CXX_LANGUAGE_STANDARD = "gnu++0x";
				CLANG_CXX_LIBRARY = "libc++";
				CLANG_ENABLE_MODULES = YES;
				CLANG_ENABLE_OBJC_ARC = YES;
				CLANG_WARN_BOOL_CONVERSION = YES;
				CLANG_WARN_CONSTANT_CONVERSION = YES;
				CLANG_WARN_DIRECT_OBJC_ISA_USAGE = YES_ERROR;
				CLANG_WARN_EMPTY_BODY = YES;
				CLANG_WARN_ENUM_CONVERSION = YES;
				CLANG_WARN_INT_CONVERSION = YES;
				CLANG_WARN_OBJC_ROOT_CLASS = YES_ERROR;
				CLANG_WARN_UNREACHABLE_CODE = YES;
				CLANG_WARN__DUPLICATE_METHOD_MATCH = YES;
				"CODE_SIGN_IDENTITY[sdk=iphoneos*]" = "iPhone Developer";
				COPY_PHASE_STRIP = NO;
				DEBUG_INFORMATION_FORMAT = "dwarf-with-dsym";
				ENABLE_NS_ASSERTIONS = NO;
				ENABLE_STRICT_OBJC_MSGSEND = YES;
				GCC_C_LANGUAGE_STANDARD = gnu99;
				GCC_NO_COMMON_BLOCKS = YES;
				GCC_WARN_64_TO_32_BIT_CONVERSION = YES;
				GCC_WARN_ABOUT_RETURN_TYPE = YES_ERROR;
				GCC_WARN_UNDECLARED_SELECTOR = YES;
				GCC_WARN_UNINITIALIZED_AUTOS = YES_AGGRESSIVE;
				GCC_WARN_UNUSED_FUNCTION = YES;
				GCC_WARN_UNUSED_VARIABLE = YES;
				IPHONEOS_DEPLOYMENT_TARGET = 9.2;
				MTL_ENABLE_DEBUG_INFO = NO;
				SDKROOT = iphoneos;
				VALIDATE_PRODUCT = YES;
			};
			name = Release;
		};
		A4C4A2F31C3A228B00F14448 /* Debug */ = {
			isa = XCBuildConfiguration;
			baseConfigurationReference = 221AF5BC2C005BA778CFB3AB /* Pods-NetworkService.debug.xcconfig */;
			buildSettings = {
				ASSETCATALOG_COMPILER_APPICON_NAME = AppIcon;
				FRAMEWORK_SEARCH_PATHS = (
					"$(inherited)",
					"$(PROJECT_DIR)/build/Debug-iphoneos",
				);
				INFOPLIST_FILE = NetworkService/Info.plist;
				IPHONEOS_DEPLOYMENT_TARGET = 8.0;
				LD_RUNPATH_SEARCH_PATHS = "$(inherited) @executable_path/Frameworks";
				PRODUCT_BUNDLE_IDENTIFIER = com.Broccoli.NetworkService;
				PRODUCT_NAME = "$(TARGET_NAME)";
				SWIFT_OBJC_BRIDGING_HEADER = "";
			};
			name = Debug;
		};
		A4C4A2F41C3A228B00F14448 /* Release */ = {
			isa = XCBuildConfiguration;
			baseConfigurationReference = 221AF5BC2C005BA778CFB3AB /* Pods-NetworkService.debug.xcconfig */;
			buildSettings = {
				ASSETCATALOG_COMPILER_APPICON_NAME = AppIcon;
				FRAMEWORK_SEARCH_PATHS = (
					"$(inherited)",
					"$(PROJECT_DIR)/build/Debug-iphoneos",
				);
				INFOPLIST_FILE = NetworkService/Info.plist;
				IPHONEOS_DEPLOYMENT_TARGET = 8.0;
				LD_RUNPATH_SEARCH_PATHS = "$(inherited) @executable_path/Frameworks";
				PRODUCT_BUNDLE_IDENTIFIER = com.Broccoli.NetworkService;
				PRODUCT_NAME = "$(TARGET_NAME)";
				SWIFT_OBJC_BRIDGING_HEADER = "";
			};
			name = Release;
		};
/* End XCBuildConfiguration section */

/* Begin XCConfigurationList section */
		A4C4A2DB1C3A228B00F14448 /* Build configuration list for PBXProject "NetworkService" */ = {
			isa = XCConfigurationList;
			buildConfigurations = (
				A4C4A2F01C3A228B00F14448 /* Debug */,
				A4C4A2F11C3A228B00F14448 /* Release */,
			);
			defaultConfigurationIsVisible = 0;
			defaultConfigurationName = Release;
		};
		A4C4A2F21C3A228B00F14448 /* Build configuration list for PBXNativeTarget "NetworkService" */ = {
			isa = XCConfigurationList;
			buildConfigurations = (
				A4C4A2F31C3A228B00F14448 /* Debug */,
				A4C4A2F41C3A228B00F14448 /* Release */,
			);
			defaultConfigurationIsVisible = 0;
			defaultConfigurationName = Release;
		};
/* End XCConfigurationList section */
	};
	rootObject = A4C4A2D81C3A228B00F14448 /* Project object */;
}
